
Microsoft Visual Studio Solution File, Format Version 12.00
# Visual Studio Version 17
VisualStudioVersion = 17.7.34202.233
MinimumVisualStudioVersion = 10.0.40219.1
Project("{FAE04EC0-301F-11D3-BF4B-00C04F79EFBC}") = "OStoreApp", "OStoreApp\OStoreApp.csproj", "{32D3894D-D073-45EA-ADCB-D0585A19914B}"
EndProject
Global
	GlobalSection(SolutionConfigurationPlatforms) = preSolution
		Debug|Any CPU = Debug|Any CPU
		Release|Any CPU = Release|Any CPU
	EndGlobalSection
	GlobalSection(ProjectConfigurationPlatforms) = postSolution
		{32D3894D-D073-45EA-ADCB-D0585A19914B}.Debug|Any CPU.ActiveCfg = Debug|Any CPU
		{32D3894D-D073-45EA-ADCB-D0585A19914B}.Debug|Any CPU.Build.0 = Debug|Any CPU
		{32D3894D-D073-45EA-ADCB-D0585A19914B}.Release|Any CPU.ActiveCfg = Release|Any CPU
		{32D3894D-D073-45EA-ADCB-D0585A19914B}.Release|Any CPU.Build.0 = Release|Any CPU
	EndGlobalSection
	GlobalSection(SolutionProperties) = preSolution
		HideSolutionNode = FALSE
	EndGlobalSection
	GlobalSection(ExtensibilityGlobals) = postSolution
		SolutionGuid = {3B682120-8754-41E1-8905-F4B9D5DA48E2}
	EndGlobalSection
EndGlobal
